
Microsoft Visual Studio Solution File, Format Version 12.00
# Visual Studio Version 17
VisualStudioVersion = 17.5.002.0
MinimumVisualStudioVersion = 10.0.40219.1
Project("{9A19103F-16F7-4668-BE54-9A1E7A4F7556}") = "UserManagementAPI", "UserManagementAPI.csproj", "{6DCFAFFC-97FA-449F-BC8A-5ACC1244B680}"
EndProject
Global
	GlobalSection(SolutionConfigurationPlatforms) = preSolution
		Debug|Any CPU = Debug|Any CPU
		Release|Any CPU = Release|Any CPU
	EndGlobalSection
	GlobalSection(ProjectConfigurationPlatforms) = postSolution
		{6DCFAFFC-97FA-449F-BC8A-5ACC1244B680}.Debug|Any CPU.ActiveCfg = Debug|Any CPU
		{6DCFAFFC-97FA-449F-BC8A-5ACC1244B680}.Debug|Any CPU.Build.0 = Debug|Any CPU
		{6DCFAFFC-97FA-449F-BC8A-5ACC1244B680}.Release|Any CPU.ActiveCfg = Release|Any CPU
		{6DCFAFFC-97FA-449F-BC8A-5ACC1244B680}.Release|Any CPU.Build.0 = Release|Any CPU
	EndGlobalSection
	GlobalSection(SolutionProperties) = preSolution
		HideSolutionNode = FALSE
	EndGlobalSection
	GlobalSection(ExtensibilityGlobals) = postSolution
		SolutionGuid = {EC94AE61-DCB2-45FD-87D3-BD19E157F445}
	EndGlobalSection
EndGlobal
